
Microsoft Visual Studio Solution File, Format Version 12.00
# Visual Studio Version 17
VisualStudioVersion = 17.4.33110.190
MinimumVisualStudioVersion = 10.0.40219.1
Project("{9A19103F-16F7-4668-BE54-9A1E7A4F7556}") = "Assembly.Receita", "Assembly.Receita\Assembly.Receita.csproj", "{189F8591-F2C8-421E-9F73-3E622F77634E}"
EndProject
Project("{9A19103F-16F7-4668-BE54-9A1E7A4F7556}") = "Assembly.Service", "Assembly.Service\Assembly.Service.csproj", "{EA7A1305-1418-4AF1-B8C7-8A4C35D3C611}"
EndProject
Project("{9A19103F-16F7-4668-BE54-9A1E7A4F7556}") = "Assembly.Domain", "Assembly.Domain\Assembly.Domain.csproj", "{12115D6B-DD02-4A5D-9E10-8EAE7C3EAE72}"
EndProject
Project("{9A19103F-16F7-4668-BE54-9A1E7A4F7556}") = "Assembly.Console", "Assembly.Console\Assembly.Console.csproj", "{EF8A9086-2712-407D-AA3A-5AA409C08C6F}"
EndProject
Project("{9A19103F-16F7-4668-BE54-9A1E7A4F7556}") = "Assembly.Database", "Assembly.Database\Assembly.Database.csproj", "{07CB5602-2077-4E09-830B-7F391B576291}"
EndProject
Project("{9A19103F-16F7-4668-BE54-9A1E7A4F7556}") = "Assembly.CrossCutting", "Assembly.CrossCutting\Assembly.CrossCutting.csproj", "{FEC52A3F-5C17-4B6D-9FB9-4BCEDC111ABB}"
EndProject
Global
	GlobalSection(SolutionConfigurationPlatforms) = preSolution
		Debug|Any CPU = Debug|Any CPU
		Release|Any CPU = Release|Any CPU
	EndGlobalSection
	GlobalSection(ProjectConfigurationPlatforms) = postSolution
		{189F8591-F2C8-421E-9F73-3E622F77634E}.Debug|Any CPU.ActiveCfg = Debug|Any CPU
		{189F8591-F2C8-421E-9F73-3E622F77634E}.Debug|Any CPU.Build.0 = Debug|Any CPU
		{189F8591-F2C8-421E-9F73-3E622F77634E}.Release|Any CPU.ActiveCfg = Release|Any CPU
		{189F8591-F2C8-421E-9F73-3E622F77634E}.Release|Any CPU.Build.0 = Release|Any CPU
		{EA7A1305-1418-4AF1-B8C7-8A4C35D3C611}.Debug|Any CPU.ActiveCfg = Debug|Any CPU
		{EA7A1305-1418-4AF1-B8C7-8A4C35D3C611}.Debug|Any CPU.Build.0 = Debug|Any CPU
		{EA7A1305-1418-4AF1-B8C7-8A4C35D3C611}.Release|Any CPU.ActiveCfg = Release|Any CPU
		{EA7A1305-1418-4AF1-B8C7-8A4C35D3C611}.Release|Any CPU.Build.0 = Release|Any CPU
		{12115D6B-DD02-4A5D-9E10-8EAE7C3EAE72}.Debug|Any CPU.ActiveCfg = Debug|Any CPU
		{12115D6B-DD02-4A5D-9E10-8EAE7C3EAE72}.Debug|Any CPU.Build.0 = Debug|Any CPU
		{12115D6B-DD02-4A5D-9E10-8EAE7C3EAE72}.Release|Any CPU.ActiveCfg = Release|Any CPU
		{12115D6B-DD02-4A5D-9E10-8EAE7C3EAE72}.Release|Any CPU.Build.0 = Release|Any CPU
		{EF8A9086-2712-407D-AA3A-5AA409C08C6F}.Debug|Any CPU.ActiveCfg = Debug|Any CPU
		{EF8A9086-2712-407D-AA3A-5AA409C08C6F}.Debug|Any CPU.Build.0 = Debug|Any CPU
		{EF8A9086-2712-407D-AA3A-5AA409C08C6F}.Release|Any CPU.ActiveCfg = Release|Any CPU
		{EF8A9086-2712-407D-AA3A-5AA409C08C6F}.Release|Any CPU.Build.0 = Release|Any CPU
		{07CB5602-2077-4E09-830B-7F391B576291}.Debug|Any CPU.ActiveCfg = Debug|Any CPU
		{07CB5602-2077-4E09-830B-7F391B576291}.Debug|Any CPU.Build.0 = Debug|Any CPU
		{07CB5602-2077-4E09-830B-7F391B576291}.Release|Any CPU.ActiveCfg = Release|Any CPU
		{07CB5602-2077-4E09-830B-7F391B576291}.Release|Any CPU.Build.0 = Release|Any CPU
		{FEC52A3F-5C17-4B6D-9FB9-4BCEDC111ABB}.Debug|Any CPU.ActiveCfg = Debug|Any CPU
		{FEC52A3F-5C17-4B6D-9FB9-4BCEDC111ABB}.Debug|Any CPU.Build.0 = Debug|Any CPU
		{FEC52A3F-5C17-4B6D-9FB9-4BCEDC111ABB}.Release|Any CPU.ActiveCfg = Release|Any CPU
		{FEC52A3F-5C17-4B6D-9FB9-4BCEDC111ABB}.Release|Any CPU.Build.0 = Release|Any CPU
	EndGlobalSection
	GlobalSection(SolutionProperties) = preSolution
		HideSolutionNode = FALSE
	EndGlobalSection
	GlobalSection(ExtensibilityGlobals) = postSolution
		SolutionGuid = {B63E8B28-B717-425F-9396-1C46A78EF293}
	EndGlobalSection
EndGlobal
